{
  "version": 4,
  "terraform_version": "1.9.3",
  "serial": 5,
  "lineage": "b18ad729-56c3-428b-48da-51f0988b6818",
  "outputs": {
    "kubernetes_cluster_name": {
      "value": "frontend",
      "type": "string"
    }
  },
  "resources": [
    {
      "mode": "managed",
      "type": "google_container_cluster",
      "name": "primary",
      "provider": "provider[\"registry.terraform.io/hashicorp/google\"]",
      "instances": [
        {
          "status": "tainted",
          "schema_version": 2,
          "attributes": {
            "addons_config": [
              {
                "cloudrun_config": [],
                "config_connector_config": [],
                "dns_cache_config": [],
                "gce_persistent_disk_csi_driver_config": [
                  {
                    "enabled": true
                  }
                ],
                "gcp_filestore_csi_driver_config": [],
                "gcs_fuse_csi_driver_config": [],
                "gke_backup_agent_config": [],
                "horizontal_pod_autoscaling": [],
                "http_load_balancing": [],
                "network_policy_config": [
                  {
                    "disabled": true
                  }
                ],
                "ray_operator_config": [],
                "stateful_ha_config": []
              }
            ],
            "allow_net_admin": null,
            "authenticator_groups_config": [],
            "binary_authorization": [
              {
                "enabled": false,
                "evaluation_mode": ""
              }
            ],
            "cluster_autoscaling": [
              {
                "auto_provisioning_defaults": [],
                "autoscaling_profile": "BALANCED",
                "enabled": false,
                "resource_limits": []
              }
            ],
            "cluster_ipv4_cidr": "10.52.0.0/14",
            "confidential_nodes": [],
            "cost_management_config": [],
            "database_encryption": null,
            "datapath_provider": "",
            "default_max_pods_per_node": 110,
            "default_snat_status": [
              {
                "disabled": false
              }
            ],
            "deletion_protection": true,
            "description": "",
            "dns_config": [],
            "enable_autopilot": false,
            "enable_cilium_clusterwide_network_policy": false,
            "enable_intranode_visibility": false,
            "enable_k8s_beta_apis": [],
            "enable_kubernetes_alpha": false,
            "enable_l4_ilb_subsetting": false,
            "enable_legacy_abac": false,
            "enable_shielded_nodes": true,
            "enable_tpu": false,
            "endpoint": "34.118.51.222",
            "fleet": [],
            "gateway_api_config": null,
            "id": "projects/task-management-app-430719/locations/europe-central2-a/clusters/frontend",
            "identity_service_config": null,
            "initial_node_count": 1,
            "ip_allocation_policy": null,
            "label_fingerprint": null,
            "location": "europe-central2-a",
            "logging_config": null,
            "logging_service": "logging.googleapis.com/kubernetes",
            "maintenance_policy": [],
            "master_auth": [
              {
                "client_certificate": "",
                "client_certificate_config": [
                  {
                    "issue_client_certificate": false
                  }
                ],
                "client_key": "",
                "cluster_ca_certificate": "LS0tLS1CRUdJTiBDRVJUSUZJQ0FURS0tLS0tCk1JSUVMVENDQXBXZ0F3SUJBZ0lSQU0xM0gydVRuYlRQMXd6OVI5T1d2aE13RFFZSktvWklodmNOQVFFTEJRQXcKTHpFdE1Dc0dBMVVFQXhNa01qVXpNMk0zT0RRdE1qWXlZeTAwTURKaUxUa3pNamt0WkRsaE9ERTRORGN3TW1RMQpNQ0FYRFRJME1EZ3dOREV5TXpVeE0xb1lEekl3TlRRd056STRNVE16TlRFeldqQXZNUzB3S3dZRFZRUURFeVF5Ck5UTXpZemM0TkMweU5qSmpMVFF3TW1JdE9UTXlPUzFrT1dFNE1UZzBOekF5WkRVd2dnR2lNQTBHQ1NxR1NJYjMKRFFFQkFRVUFBNElCandBd2dnR0tBb0lCZ1FDVFVQUnRwTFQvS0hGRWNLcnAvektYV1BFN1NrQ3orZmRuV0ZBRAptSkxwK3d1T2FmelJscUZFd3ZDem1SeXdTYWlKM3FxTC9jMFkvVERDcm9Tc2VpTzhpZG1GRW15dUZJc3VvTnk3CjFRZlN4WndudW9FVXVsUE01bjkwWUNjemVxSGhuMkM0VkRvcXpzdTh4a1QvY1VoazRJell4VFFHdnc2TmN3S3QKNGpWQUI1RmtEbmVncDNrVHFENVZwemZIV0ZJUlhuZW1JcGM0TjNiK2xPQXdMSFBMaHl3UHByZ3huWVpVUmg5NAprQk1mVUMxV3BXZW5vQ1pkQk5yek90VzhBdjV0b1NpTnZjYzNkK3VmZ1J0R05tTGFDdVd2MDVWMm1OZ2NTbnJXCi9qTjVkZjkwbmw4cU8wT0lKQlUxS3NZdkZieXJ3ZHFnb0IxYTJSQWZ3RUZibnN4M3Ivem42azZVZjM3djU0am4KeWwzSXRIc2UrdU1oeWNyNDMrd3ZpVXMyU2ljaW1odzhoOGJRaHF3bGdTL1NhT1lhaStvMHhHdkpuNDhHLzNuVwpFWEhZNDdKNEdwR1lwRGd5aUloSHQyZUYzZ0Z1b0lUcVNLOFFTcjZOQi9HeVJ0cGVlQ2FRU3RqMy9DOE03RWViClFkU2tkWWJ2TUpwSFRCYm5qRVFCMlpBRkxrRUNBd0VBQWFOQ01FQXdEZ1lEVlIwUEFRSC9CQVFEQWdJRU1BOEcKQTFVZEV3RUIvd1FGTUFNQkFmOHdIUVlEVlIwT0JCWUVGQXQvV3JZN0twR2FoRk9ua0wzMGl6OHRvUHA5TUEwRwpDU3FHU0liM0RRRUJDd1VBQTRJQmdRQkRNamtReURFYnJFVFczRkdWOWl1RzdGbVBtNDBOdG8wanNkSmVXWjFwCnovTzh5Y2ZURjRMaDhTZEIrbmdTT2FZQW14L1g4YjVGR1lMck5nL1pHVGl6TmhZQjJkUVFrZ2ZmeXRIU0pUTmYKZlBHMlNkMml6Q1NXUTdySDFWcDdqRkZtT0YzblB2TTRyeCtJWFdCZ2tudHU1dFViTjVZemZKNW5HQkhDM3FQUwpsMTVmb0I2NHlELy9Gb3FuemovRE0vZlp0cEtmTEdBY3NPYUQ4Vjl0VTNEUUt6eVZydVhYMXpadjlYVDdmK1pBClNnMkJ1VUFUOE94ZTlsVTlPaXRtQjN1OEdTVmVPS0N1dnVSSFkveVZGayt5aVNMSStseWdVL2ZKZFliOFdHc3YKQmovTUdYcHZaK1dpV3E2Zmo5Vm96MDBSR2NVNmc4bVFacEEzeFRBUitGbGxKUHpJMEhnWlMwZzVEUENXUEdHdwpJbzY5eWl3MVcvM2lvdSs2ZXNLRVVDZmxSYlo3SjFidXlBbHA4RFhPZXdMNGptWXZLWmRYTis4blB5blNIcVBNCkoxVnU2WGpycDYwV3VXYVVBdHJXdFBOTWM0RG9Xc1hIdVE3d3doSld0UUVEZGZZWGhrbldoTHdZQWlqbitocG0KS3VJWU1obmI3SHphc3RMNGUrcTlrZ0k9Ci0tLS0tRU5EIENFUlRJRklDQVRFLS0tLS0K"
              }
            ],
            "master_authorized_networks_config": [],
            "master_version": "1.29.6-gke.1254000",
            "mesh_certificates": null,
            "min_master_version": null,
            "monitoring_config": null,
            "monitoring_service": "monitoring.googleapis.com/kubernetes",
            "name": "frontend",
            "network": "projects/task-management-app-430719/global/networks/default",
            "network_policy": [
              {
                "enabled": false,
                "provider": "PROVIDER_UNSPECIFIED"
              }
            ],
            "networking_mode": "VPC_NATIVE",
            "node_config": [
              {
                "advanced_machine_features": [],
                "boot_disk_kms_key": "",
                "confidential_nodes": [],
                "containerd_config": [],
                "disk_size_gb": 100,
                "disk_type": "pd-balanced",
                "effective_taints": [],
                "enable_confidential_storage": false,
                "ephemeral_storage_local_ssd_config": [],
                "fast_socket": [],
                "gcfs_config": [],
                "guest_accelerator": [],
                "gvnic": [],
                "host_maintenance_policy": [],
                "image_type": "COS_CONTAINERD",
                "kubelet_config": [],
                "labels": {},
                "linux_node_config": [],
                "local_nvme_ssd_block_config": [],
                "local_ssd_count": 0,
                "logging_variant": "DEFAULT",
                "machine_type": "e2-medium",
                "metadata": {
                  "disable-legacy-endpoints": "true"
                },
                "min_cpu_platform": "",
                "node_group": "",
                "oauth_scopes": [
                  "https://www.googleapis.com/auth/devstorage.read_only",
                  "https://www.googleapis.com/auth/logging.write",
                  "https://www.googleapis.com/auth/monitoring",
                  "https://www.googleapis.com/auth/service.management.readonly",
                  "https://www.googleapis.com/auth/servicecontrol",
                  "https://www.googleapis.com/auth/trace.append"
                ],
                "preemptible": false,
                "reservation_affinity": [],
                "resource_labels": null,
                "resource_manager_tags": null,
                "secondary_boot_disks": [],
                "service_account": "default",
                "shielded_instance_config": [
                  {
                    "enable_integrity_monitoring": true,
                    "enable_secure_boot": false
                  }
                ],
                "sole_tenant_config": [],
                "spot": false,
                "tags": null,
                "taint": [],
                "workload_metadata_config": []
              }
            ],
            "node_locations": [],
            "node_pool": null,
            "node_pool_auto_config": null,
            "node_pool_defaults": null,
            "node_version": "1.29.6-gke.1254000",
            "notification_config": [
              {
                "pubsub": [
                  {
                    "enabled": false,
                    "filter": [],
                    "topic": ""
                  }
                ]
              }
            ],
            "operation": null,
            "private_cluster_config": [],
            "private_ipv6_google_access": "",
            "project": "task-management-app-430719",
            "release_channel": [
              {
                "channel": "REGULAR"
              }
            ],
            "remove_default_node_pool": null,
            "resource_labels": null,
            "resource_usage_export_config": [],
            "security_posture_config": null,
            "self_link": "https://container.googleapis.com/v1/projects/task-management-app-430719/zones/europe-central2-a/clusters/frontend",
            "service_external_ips_config": null,
            "services_ipv4_cidr": "34.118.224.0/20",
            "subnetwork": "projects/task-management-app-430719/regions/europe-central2/subnetworks/default",
            "timeouts": null,
            "tpu_ipv4_cidr_block": "",
            "vertical_pod_autoscaling": null,
            "workload_identity_config": null
          },
          "sensitive_attributes": [
            [
              {
                "type": "get_attr",
                "value": "master_auth"
              },
              {
                "type": "index",
                "value": {
                  "value": 0,
                  "type": "number"
                }
              },
              {
                "type": "get_attr",
                "value": "client_key"
              }
            ]
          ],
          "private": "eyJlMmJmYjczMC1lY2FhLTExZTYtOGY4OC0zNDM2M2JjN2M0YzAiOnsiY3JlYXRlIjoyNDAwMDAwMDAwMDAwLCJkZWxldGUiOjI0MDAwMDAwMDAwMDAsInJlYWQiOjI0MDAwMDAwMDAwMDAsInVwZGF0ZSI6MzYwMDAwMDAwMDAwMH0sInNjaGVtYV92ZXJzaW9uIjoiMiJ9"
        }
      ]
    }
  ],
  "check_results": null
}
