{
  "version": 4,
  "terraform_version": "1.9.3",
  "serial": 3,
  "lineage": "b18ad729-56c3-428b-48da-51f0988b6818",
  "outputs": {
    "kubernetes_cluster_name": {
      "value": "frontend",
      "type": "string"
    }
  },
  "resources": [
    {
      "mode": "managed",
      "type": "google_container_cluster",
      "name": "primary",
      "provider": "provider[\"registry.terraform.io/hashicorp/google\"]",
      "instances": [
        {
          "status": "tainted",
          "schema_version": 2,
          "attributes": {
            "addons_config": [
              {
                "cloudrun_config": [],
                "config_connector_config": [],
                "dns_cache_config": [],
                "gce_persistent_disk_csi_driver_config": [
                  {
                    "enabled": true
                  }
                ],
                "gcp_filestore_csi_driver_config": [],
                "gcs_fuse_csi_driver_config": [],
                "gke_backup_agent_config": [],
                "horizontal_pod_autoscaling": [],
                "http_load_balancing": [],
                "network_policy_config": [
                  {
                    "disabled": true
                  }
                ],
                "ray_operator_config": [],
                "stateful_ha_config": []
              }
            ],
            "allow_net_admin": null,
            "authenticator_groups_config": [],
            "binary_authorization": [
              {
                "enabled": false,
                "evaluation_mode": ""
              }
            ],
            "cluster_autoscaling": [
              {
                "auto_provisioning_defaults": [],
                "autoscaling_profile": "BALANCED",
                "enabled": false,
                "resource_limits": []
              }
            ],
            "cluster_ipv4_cidr": "10.16.0.0/14",
            "confidential_nodes": [],
            "cost_management_config": [],
            "database_encryption": null,
            "datapath_provider": "",
            "default_max_pods_per_node": 110,
            "default_snat_status": [
              {
                "disabled": false
              }
            ],
            "deletion_protection": true,
            "description": "",
            "dns_config": [],
            "enable_autopilot": false,
            "enable_cilium_clusterwide_network_policy": false,
            "enable_intranode_visibility": false,
            "enable_k8s_beta_apis": [],
            "enable_kubernetes_alpha": false,
            "enable_l4_ilb_subsetting": false,
            "enable_legacy_abac": false,
            "enable_shielded_nodes": true,
            "enable_tpu": false,
            "endpoint": "34.116.214.19",
            "fleet": [],
            "gateway_api_config": null,
            "id": "projects/task-management-app-430719/locations/europe-central2-a/clusters/frontend",
            "identity_service_config": null,
            "initial_node_count": 1,
            "ip_allocation_policy": null,
            "label_fingerprint": null,
            "location": "europe-central2-a",
            "logging_config": null,
            "logging_service": "logging.googleapis.com/kubernetes",
            "maintenance_policy": [],
            "master_auth": [
              {
                "client_certificate": "",
                "client_certificate_config": [
                  {
                    "issue_client_certificate": false
                  }
                ],
                "client_key": "",
                "cluster_ca_certificate": "LS0tLS1CRUdJTiBDRVJUSUZJQ0FURS0tLS0tCk1JSUVMRENDQXBTZ0F3SUJBZ0lRZFdoTDFQK1VvNkJaeWJ6RnF6dVRnREFOQmdrcWhraUc5dzBCQVFzRkFEQXYKTVMwd0t3WURWUVFERXlSa01UTTBORFkzWmkweE1qbGpMVFJrTkdJdFlqbGhPQzFpT1dKa09UQXhPR1E0TldFdwpJQmNOTWpRd09EQXpNVGt6TlRVMldoZ1BNakExTkRBM01qY3lNRE0xTlRaYU1DOHhMVEFyQmdOVkJBTVRKR1F4Ck16UTBOamRtTFRFeU9XTXROR1EwWWkxaU9XRTRMV0k1WW1RNU1ERTRaRGcxWVRDQ0FhSXdEUVlKS29aSWh2Y04KQVFFQkJRQURnZ0dQQURDQ0FZb0NnZ0dCQU9pZ0FON2xvYVVpOVpGL09FRXVrOXR3dHhpL3Nrb0NwcW8rMFZGegpCUVRBV0dKdUpEZGVOSmw3bnBHRnhNelB2elk0c3l2eEgyTEtlaUhVRmlLci9QZ1p0RTNhTTcwRDZXUmxyL2pyCnl0NnJKZG1vS0lhditpaGJxdHBvUWdYKzJJalRjc1R2SmxtcGlmN1RCdGIyOS9mU3pDUlA1UkE4anNJWVh3WkEKMmU5cmwxS0hjZzE1anBURXZsY2RVMVMyeXY1cEREaHU1UGZNc3pkZkxDcnd6R3BMMnBFMCsvaEM4UG1wNXhGcgpPemxUYWxLSHM5TmFEbEdhK1g0T0ZrMUZhL0hKRkk1ZXVxL3h1ekJrNkpXWVZZeUdFVlVqQUhKbnlIY0NWVXkwCmhHSjZHaFhTS1YwbUwxYU93VkV3VWN3amRuU291aFh6UVIzNkNCOWlxbEU2djhoV2lzQm0wQTVGaWpYWU9yRDEKQkJwTHRGZHFKeWlTWnFnSEdxVlZKWjZTaXorVEg4SXhwQzRzNytoNWdneE1Zci82SENUdU5xRDBDK2ZCRy92RQpRQXgwMVdwZWd4RTZXbXlrSjlRZjFyS1FIU0VKTVN3ajlRenhza25BVHRwa3N3cjdZMmgydHRwamZudWFmNUhrCkIrZDBWSG9vcjE2TlZtSzV0SkFodWNBcmdRSURBUUFCbzBJd1FEQU9CZ05WSFE4QkFmOEVCQU1DQWdRd0R3WUQKVlIwVEFRSC9CQVV3QXdFQi96QWRCZ05WSFE0RUZnUVU2NlJnVm5UOTdyU09zN29icTVCb0U3VFQ4UUF3RFFZSgpLb1pJaHZjTkFRRUxCUUFEZ2dHQkFMa0F5dUlDTEh5WkpKVytCSHRxaXBpclhsOHpHWklYUm1aWUQ2RnIxYjU5CjI5bWNzbitPOENtaDI2d3NPam0ySWErWndmWTNlUmlGenZQY1J1T1kzZ2lMeC9OQXdzVzdMRXFxLzMrSGFucnYKZWZCbGVBOXFVSkx0RUoyMDhMa09BOXpBRlh0VWVoaTh2N1crK1hrOWoyQ0J1bkNiUCttY3lzV0loVWpXODlXZQpSeGpvU1ZOcVc4OXpKVXgxdktVd1BCajF3RGpEY0s3dTlTdml6eEY2OUdHc1dldWhwQ1lpcFNWOTF5NGM5dmRHCnp6bDNiSXFaWUpsSlZ2RHlnK05kVzQ1Y1RrYmdhYy9kckFjMWdoS0pjVS9kUExZNElsYUdKUnZhWjhtbjVpcVgKcUM3UzFNNUI2aVNZWkR6MnVNYXlZdSs3bDNkSUtXNUZHRXhmdkdKTWY2QzZpajd3cXNxS0loNVpLOGc0aDI0VwpDd3VRS1dpYzcxYlh2Yjh4OVFyQjI4aVdXQlBmNDU5QW5ieXdqLzA1RVBPV25DVExmQWgxcFFlYjhOYzROdzNiCkZZemxpQStldmxCblBRMmxiT05JZ0FUQkRycGEyd0JlQjVaaUUwd04xUityZ1NLMC9ZNlozd3dnazdkUndHV00KSVFTbUd1K2RTSVM3YWFRYUViUTNVUT09Ci0tLS0tRU5EIENFUlRJRklDQVRFLS0tLS0K"
              }
            ],
            "master_authorized_networks_config": [],
            "master_version": "1.29.6-gke.1254000",
            "mesh_certificates": null,
            "min_master_version": null,
            "monitoring_config": null,
            "monitoring_service": "monitoring.googleapis.com/kubernetes",
            "name": "frontend",
            "network": "projects/task-management-app-430719/global/networks/default",
            "network_policy": [
              {
                "enabled": false,
                "provider": "PROVIDER_UNSPECIFIED"
              }
            ],
            "networking_mode": "VPC_NATIVE",
            "node_config": [
              {
                "advanced_machine_features": [],
                "boot_disk_kms_key": "",
                "confidential_nodes": [],
                "containerd_config": [],
                "disk_size_gb": 100,
                "disk_type": "pd-balanced",
                "effective_taints": [],
                "enable_confidential_storage": false,
                "ephemeral_storage_local_ssd_config": [],
                "fast_socket": [],
                "gcfs_config": [],
                "guest_accelerator": [],
                "gvnic": [],
                "host_maintenance_policy": [],
                "image_type": "COS_CONTAINERD",
                "kubelet_config": [],
                "labels": {},
                "linux_node_config": [],
                "local_nvme_ssd_block_config": [],
                "local_ssd_count": 0,
                "logging_variant": "DEFAULT",
                "machine_type": "e2-medium",
                "metadata": {
                  "disable-legacy-endpoints": "true"
                },
                "min_cpu_platform": "",
                "node_group": "",
                "oauth_scopes": [
                  "https://www.googleapis.com/auth/devstorage.read_only",
                  "https://www.googleapis.com/auth/logging.write",
                  "https://www.googleapis.com/auth/monitoring",
                  "https://www.googleapis.com/auth/service.management.readonly",
                  "https://www.googleapis.com/auth/servicecontrol",
                  "https://www.googleapis.com/auth/trace.append"
                ],
                "preemptible": false,
                "reservation_affinity": [],
                "resource_labels": null,
                "resource_manager_tags": null,
                "secondary_boot_disks": [],
                "service_account": "default",
                "shielded_instance_config": [
                  {
                    "enable_integrity_monitoring": true,
                    "enable_secure_boot": false
                  }
                ],
                "sole_tenant_config": [],
                "spot": false,
                "tags": null,
                "taint": [],
                "workload_metadata_config": []
              }
            ],
            "node_locations": [],
            "node_pool": null,
            "node_pool_auto_config": null,
            "node_pool_defaults": null,
            "node_version": "1.29.6-gke.1254000",
            "notification_config": [
              {
                "pubsub": [
                  {
                    "enabled": false,
                    "filter": [],
                    "topic": ""
                  }
                ]
              }
            ],
            "operation": null,
            "private_cluster_config": [],
            "private_ipv6_google_access": "",
            "project": "task-management-app-430719",
            "release_channel": [
              {
                "channel": "REGULAR"
              }
            ],
            "remove_default_node_pool": null,
            "resource_labels": null,
            "resource_usage_export_config": [],
            "security_posture_config": null,
            "self_link": "https://container.googleapis.com/v1/projects/task-management-app-430719/zones/europe-central2-a/clusters/frontend",
            "service_external_ips_config": null,
            "services_ipv4_cidr": "34.118.224.0/20",
            "subnetwork": "projects/task-management-app-430719/regions/europe-central2/subnetworks/default",
            "timeouts": null,
            "tpu_ipv4_cidr_block": "",
            "vertical_pod_autoscaling": null,
            "workload_identity_config": null
          },
          "sensitive_attributes": [
            [
              {
                "type": "get_attr",
                "value": "master_auth"
              },
              {
                "type": "index",
                "value": {
                  "value": 0,
                  "type": "number"
                }
              },
              {
                "type": "get_attr",
                "value": "client_key"
              }
            ]
          ],
          "private": "eyJlMmJmYjczMC1lY2FhLTExZTYtOGY4OC0zNDM2M2JjN2M0YzAiOnsiY3JlYXRlIjoyNDAwMDAwMDAwMDAwLCJkZWxldGUiOjI0MDAwMDAwMDAwMDAsInJlYWQiOjI0MDAwMDAwMDAwMDAsInVwZGF0ZSI6MzYwMDAwMDAwMDAwMH0sInNjaGVtYV92ZXJzaW9uIjoiMiJ9"
        }
      ]
    }
  ],
  "check_results": null
}
